# THIS IS AN AUTOGENERATED FILE. DO NOT EDIT THIS FILE DIRECTLY.
# yarn lockfile v1


"@emotion/is-prop-valid@1.2.1":
  version "1.2.1"
  resolved "https://registry.yarnpkg.com/@emotion/is-prop-valid/-/is-prop-valid-1.2.1.tgz#23116cf1ed18bfeac910ec6436561ecb1a3885cc"
  integrity sha512-61Mf7Ufx4aDxx1xlDeOm8aFFigGHE4z+0sKCa+IHCeZKiyP9RLD0Mmx7m8b9/Cf37f7NAvQOOJAbQQGVr5uERw==
  dependencies:
    "@emotion/memoize" "^0.8.1"

"@emotion/memoize@^0.8.1":
  version "0.8.1"
  resolved "https://registry.yarnpkg.com/@emotion/memoize/-/memoize-0.8.1.tgz#c1ddb040429c6d21d38cc945fe75c818cfb68e17"
  integrity sha512-W2P2c/VRW1/1tLox0mVUalvnWXxavmv/Oum2aPsRcoDJuob75FC3Y8FbpfLwUegRcxINtGUMPq0tFCvYNTBXNA==

"@emotion/unitless@0.8.0":
  version "0.8.0"
  resolved "https://registry.yarnpkg.com/@emotion/unitless/-/unitless-0.8.0.tgz#a4a36e9cbdc6903737cd20d38033241e1b8833db"
  integrity sha512-VINS5vEYAscRl2ZUDiT3uMPlrFQupiKgHz5AA4bCH1miKBg4qtwkim1qPmJj/4WG6TreYMY111rEFsjupcOKHw==

"@module-federation/runtime-tools@0.0.8":
  version "0.0.8"
  resolved "https://registry.yarnpkg.com/@module-federation/runtime-tools/-/runtime-tools-0.0.8.tgz#0db5650433ce110080addf6d98986a89c47da705"
  integrity sha512-tqx3wlVHnpWLk+vn22c0x9Nv1BqdZnoS6vdMb53IsVpbQIFP70nhhvymHUyFuPkoLzMFidS7GpG58DYT/4lvCw==
  dependencies:
    "@module-federation/runtime" "0.0.8"
    "@module-federation/webpack-bundler-runtime" "0.0.8"

"@module-federation/runtime@0.0.8":
  version "0.0.8"
  resolved "https://registry.yarnpkg.com/@module-federation/runtime/-/runtime-0.0.8.tgz#21929e1e7499d9f01f8c93abd71620815ca9db95"
  integrity sha512-Hi9g10aHxHdQ7CbchSvke07YegYwkf162XPOmixNmJr5Oy4wVa2d9yIVSrsWFhBRbbvM5iJP6GrSuEq6HFO3ug==
  dependencies:
    "@module-federation/sdk" "0.0.8"

"@module-federation/sdk@0.0.8":
  version "0.0.8"
  resolved "https://registry.yarnpkg.com/@module-federation/sdk/-/sdk-0.0.8.tgz#caaae677b06a22be8c6b3f10e1c58a112a6f8830"
  integrity sha512-lkasywBItjUTNT0T0IskonDE2E/2tXE9UhUCPVoDL3NteDUSFGg4tpkF+cey1pD8mHh0XJcGrCuOW7s96peeAg==

"@module-federation/webpack-bundler-runtime@0.0.8":
  version "0.0.8"
  resolved "https://registry.yarnpkg.com/@module-federation/webpack-bundler-runtime/-/webpack-bundler-runtime-0.0.8.tgz#fbe9a71c5852e44625e362bbec16be184289908e"
  integrity sha512-ULwrTVzF47+6XnWybt6SIq97viEYJRv4P/DByw5h7PSX9PxSGyMm5pHfXdhcb7tno7VknL0t2V8F48fetVL9kA==
  dependencies:
    "@module-federation/runtime" "0.0.8"
    "@module-federation/sdk" "0.0.8"

"@rsbuild/core@0.4.1":
  version "0.4.1"
  resolved "https://registry.yarnpkg.com/@rsbuild/core/-/core-0.4.1.tgz#082356b87edf53dbaae1243e785549eff336fbdf"
  integrity sha512-PvN2OlPwIqvG0LNlFRZViN7xOcAVxzXof1N+/wkXRcEQRQR599ZO+LYyYiKhs+cTuMtKQZn0u5FN347/5IGeWQ==
  dependencies:
    "@rsbuild/shared" "0.4.1"
    "@rspack/core" "0.5.4"
    "@swc/helpers" "0.5.3"
    core-js "~3.32.2"
    html-webpack-plugin "npm:html-rspack-plugin@5.5.7"
    postcss "^8.4.33"

"@rsbuild/plugin-react@0.4.1":
  version "0.4.1"
  resolved "https://registry.yarnpkg.com/@rsbuild/plugin-react/-/plugin-react-0.4.1.tgz#cab5e2636008d3f6b80bc8fb4161784acb0db165"
  integrity sha512-Zj2HAxcccT7GExvTWk3OpCKE0JYzoYDRYWDcli0t8CEz2GPRKuFEW/jRJDloxLKVx5OYbOjgz94+AssW27l+tA==
  dependencies:
    "@rsbuild/shared" "0.4.1"
    "@rspack/plugin-react-refresh" "0.5.4"
    react-refresh "^0.14.0"

"@rsbuild/shared@0.4.1":
  version "0.4.1"
  resolved "https://registry.yarnpkg.com/@rsbuild/shared/-/shared-0.4.1.tgz#837cb3ff48d4c658b03ac5bb5bbbd21db46ffc95"
  integrity sha512-b8iGxiicD2dgGkXhD2DvwSP46hIoCOfShzPjYyIWgml1ohSZakVgtIJtAnu8ldridMTybSHDue5G6gfgHA9r0g==
  dependencies:
    "@rspack/core" "0.5.4"
    caniuse-lite "^1.0.30001583"
    postcss "^8.4.33"

"@rspack/binding-darwin-arm64@0.5.4":
  version "0.5.4"
  resolved "https://registry.yarnpkg.com/@rspack/binding-darwin-arm64/-/binding-darwin-arm64-0.5.4.tgz#1f885798975c92f520f65f37bc50c297e8974274"
  integrity sha512-MWTLMzrgWk5enKGfctVIhbU5WlpJbXpvUnHKzxSr4dclf+IeBIaXBEs1fwogrS87VdfWTOh+lndyzrozBnxMmQ==

"@rspack/binding-darwin-x64@0.5.4":
  version "0.5.4"
  resolved "https://registry.yarnpkg.com/@rspack/binding-darwin-x64/-/binding-darwin-x64-0.5.4.tgz#75ed661aab369231e143d2b12ee11603b9fb6692"
  integrity sha512-+8kvYjN9IllQSSzTrKp74Cf2efFNJZNMk6PWoOeakk43+Z1BgMgzLJTs/1xIDFhzylvLSMYSLO8AhbMMX48TCw==

"@rspack/binding-linux-arm64-gnu@0.5.4":
  version "0.5.4"
  resolved "https://registry.yarnpkg.com/@rspack/binding-linux-arm64-gnu/-/binding-linux-arm64-gnu-0.5.4.tgz#4e2d738daecdd97ca55a24093b476dd7cd3894ef"
  integrity sha512-mXtRKCblBT+H1KPWUfeJt6gQFGoMt+lnhk2POcoCeS1AxnxcTFpnci4BC4Ro5zKS2QWSdGdUMtc5GKlBmgwxvg==

"@rspack/binding-linux-arm64-musl@0.5.4":
  version "0.5.4"
  resolved "https://registry.yarnpkg.com/@rspack/binding-linux-arm64-musl/-/binding-linux-arm64-musl-0.5.4.tgz#18a27f052a8adace42c4bfe86ce9fe76fb577f13"
  integrity sha512-P96R8yLT4BKtwYCtomIJE4uIGAh+5I8qLbrTrGamj/6N1D79GgwORW6CllCEnVU9l/Tjkdd+yMJkT9zoACa9gQ==

"@rspack/binding-linux-x64-gnu@0.5.4":
  version "0.5.4"
  resolved "https://registry.yarnpkg.com/@rspack/binding-linux-x64-gnu/-/binding-linux-x64-gnu-0.5.4.tgz#7a8d1e591e966b9cccb50c2f1726e2d1fbacc8a8"
  integrity sha512-/EjM7CkALS7uUF0laVp+wtOICrX2sR5gy4liIYVHKDLu+b4PGRtEQvubrDxikkzPpOYRvF38R7OBMUOJBuBW7A==

"@rspack/binding-linux-x64-musl@0.5.4":
  version "0.5.4"
  resolved "https://registry.yarnpkg.com/@rspack/binding-linux-x64-musl/-/binding-linux-x64-musl-0.5.4.tgz#5429eaec78b316b3f297192b81431a9ae2f279b3"
  integrity sha512-dMT9QW4IZ7IGzczsOmzdpGf84IzIecvitSwj7DnulRkxj3++IWLAo80+HDtgn+nPm+1gNVFb11wg5L9x+VjFXw==

"@rspack/binding-win32-arm64-msvc@0.5.4":
  version "0.5.4"
  resolved "https://registry.yarnpkg.com/@rspack/binding-win32-arm64-msvc/-/binding-win32-arm64-msvc-0.5.4.tgz#a84d15a4577c6cc7fffae4cf55bf36ab21c42c0a"
  integrity sha512-SsnOqWRw5VQnbz/63wtKsoyj6lfUpQQZyFWfQAMsNt8suIauWI/kf3QLWL/vmBX5Q24Sq16Kl5cMIjxAIJQfiQ==

"@rspack/binding-win32-ia32-msvc@0.5.4":
  version "0.5.4"
  resolved "https://registry.yarnpkg.com/@rspack/binding-win32-ia32-msvc/-/binding-win32-ia32-msvc-0.5.4.tgz#fed8442166a7d54d0dd73aa8935c4c8adb1c74b9"
  integrity sha512-xLlUHn712WhnWN40JeljQCiWBIRd/meMRKSEqTJJdZfNwozd4cZUbq5rxexX6HNjZvkwLACpATDotPVfCKPjbQ==

"@rspack/binding-win32-x64-msvc@0.5.4":
  version "0.5.4"
  resolved "https://registry.yarnpkg.com/@rspack/binding-win32-x64-msvc/-/binding-win32-x64-msvc-0.5.4.tgz#720b21062fbcae9fed68cad7f86feed4c3a2a9dc"
  integrity sha512-33IBq3yuJTyUKhTGbPwP/kvSf58wpOCBdPvye+ExNSw0uEVwXMs2AqDWDnbBPtZjP8DVN/zu0EoeLhYk9fwkYg==

"@rspack/binding@0.5.4":
  version "0.5.4"
  resolved "https://registry.yarnpkg.com/@rspack/binding/-/binding-0.5.4.tgz#90fc36fd1ed2be5919059ac8b178b41256050c19"
  integrity sha512-WoAq+pkNAe4jetIwIoUbiqO4cLSvpll90GtpYHqaNS9r9n28l4LBQY/A15W0/XBZeoj0wvMkYEvEZtn64PULLw==
  optionalDependencies:
    "@rspack/binding-darwin-arm64" "0.5.4"
    "@rspack/binding-darwin-x64" "0.5.4"
    "@rspack/binding-linux-arm64-gnu" "0.5.4"
    "@rspack/binding-linux-arm64-musl" "0.5.4"
    "@rspack/binding-linux-x64-gnu" "0.5.4"
    "@rspack/binding-linux-x64-musl" "0.5.4"
    "@rspack/binding-win32-arm64-msvc" "0.5.4"
    "@rspack/binding-win32-ia32-msvc" "0.5.4"
    "@rspack/binding-win32-x64-msvc" "0.5.4"

"@rspack/core@0.5.4":
  version "0.5.4"
  resolved "https://registry.yarnpkg.com/@rspack/core/-/core-0.5.4.tgz#2ae4959824f4faed40afcc925d20521314c7df66"
  integrity sha512-3yxOllEC93gf4pNiLlgtzE8dPo0QV2naQY24gAPk+EoWlwpmR6p1r7ZdD53etFZPGB4hMm78J/zgwx8jy1TRsw==
  dependencies:
    "@module-federation/runtime-tools" "0.0.8"
    "@rspack/binding" "0.5.4"
    browserslist "^4.21.3"
    enhanced-resolve "5.12.0"
    events "^3.3.0"
    graceful-fs "4.2.10"
    json-parse-even-better-errors "^3.0.0"
    neo-async "2.6.2"
    tapable "2.2.1"
    terminal-link "^2.1.1"
    watchpack "^2.4.0"
    webpack-sources "3.2.3"
    zod "^3.21.4"
    zod-validation-error "1.3.1"

"@rspack/plugin-react-refresh@0.5.4":
  version "0.5.4"
  resolved "https://registry.yarnpkg.com/@rspack/plugin-react-refresh/-/plugin-react-refresh-0.5.4.tgz#b13a628cfbec8c3784f516dbce43e41d1d0e2030"
  integrity sha512-neyCo1bBhTUriu2dSCu6FHQuILKDiKRokIy8B4V3hhequvW6F8EZ1rLcLoHfeikRIzC3ehJxOIuAj2sq6AiJMg==

"@swc/helpers@0.5.3":
  version "0.5.3"
  resolved "https://registry.yarnpkg.com/@swc/helpers/-/helpers-0.5.3.tgz#98c6da1e196f5f08f977658b80d6bd941b5f294f"
  integrity sha512-FaruWX6KdudYloq1AHD/4nU+UsMTdNE8CKyrseXWEcgjDAbvkwJg2QGPAnfIJLIWsjZOSPLOAykK6fuYp4vp4A==
  dependencies:
    tslib "^2.4.0"

"@types/stylis@4.2.0":
  version "4.2.0"
  resolved "https://registry.yarnpkg.com/@types/stylis/-/stylis-4.2.0.tgz#199a3f473f0c3a6f6e4e1b17cdbc967f274bdc6b"
  integrity sha512-n4sx2bqL0mW1tvDf/loQ+aMX7GQD3lc3fkCMC55VFNDu/vBOabO+LTIeXKM14xK0ppk5TUGcWRjiSpIlUpghKw==

"@xstyled/core@^3.8.0":
  version "3.8.0"
  resolved "https://registry.yarnpkg.com/@xstyled/core/-/core-3.8.0.tgz#9f33314976e0ae1ae3cc8ce74b1cc70253085c0b"
  integrity sha512-DkRtg1841+xJBW4azIEW6bQGPudnRYGDusXhTTT7W0xhMrSEvIyv02Ivhh6KkHtTYmmUalGJ+dRPHyOqrVpMUA==
  dependencies:
    "@xstyled/system" "^3.8.0"
    "@xstyled/util" "^3.7.0"

"@xstyled/styled-components@^3.8.0":
  version "3.8.0"
  resolved "https://registry.yarnpkg.com/@xstyled/styled-components/-/styled-components-3.8.0.tgz#dc6cce97b74cec79b3fda4a6a186a7fddd5b5eab"
  integrity sha512-TCOByj56DxdF2CM71sdEZSu4cA4s74/+C6n6etY21b0HxqU8Pm1KpMwhCZY0kV3Zb/y2VQsBAhWj5Nspv69Msg==
  dependencies:
    "@xstyled/core" "^3.8.0"
    "@xstyled/system" "^3.8.0"
    "@xstyled/util" "^3.7.0"

"@xstyled/system@^3.8.0":
  version "3.8.0"
  resolved "https://registry.yarnpkg.com/@xstyled/system/-/system-3.8.0.tgz#0d5959eab770f668561ff9ff7b5866a0f5ac0967"
  integrity sha512-XDYihj8UHtA64lcKklUYu/ZN3SCB7ciqb6JBl6uFmaMIr8lgre8chJONqAyIX0s6MLjvcQdseSf0a7X2hTntOw==
  dependencies:
    "@xstyled/util" "^3.7.0"
    csstype "^3.1.1"

"@xstyled/util@^3.7.0":
  version "3.7.0"
  resolved "https://registry.yarnpkg.com/@xstyled/util/-/util-3.7.0.tgz#513c045dda0847d43b39612b6d36cc38b507e82d"
  integrity sha512-rYtXRcNh+pgRxGnciP0Mas21mpyOzcCTVy7w9uIByQk3EytwBQjDiN6wCasXibkw49Urfti5efsklRbCl5QZww==

ansi-escapes@^4.2.1:
  version "4.3.2"
  resolved "https://registry.yarnpkg.com/ansi-escapes/-/ansi-escapes-4.3.2.tgz#6b2291d1db7d98b6521d5f1efa42d0f3a9feb65e"
  integrity sha512-gKXj5ALrKWQLsYG9jlTRmR/xKluxHV+Z9QEwNIgCfM1/uwPMCuzVVnh5mwTd+OuBZcwSIMbqssNWRm1lE51QaQ==
  dependencies:
    type-fest "^0.21.3"

browserslist@^4.21.3:
  version "4.22.3"
  resolved "https://registry.yarnpkg.com/browserslist/-/browserslist-4.22.3.tgz#299d11b7e947a6b843981392721169e27d60c5a6"
  integrity sha512-UAp55yfwNv0klWNapjs/ktHoguxuQNGnOzxYmfnXIS+8AsRDZkSDxg7R1AX3GKzn078SBI5dzwzj/Yx0Or0e3A==
  dependencies:
    caniuse-lite "^1.0.30001580"
    electron-to-chromium "^1.4.648"
    node-releases "^2.0.14"
    update-browserslist-db "^1.0.13"

camelize@^1.0.0:
  version "1.0.1"
  resolved "https://registry.yarnpkg.com/camelize/-/camelize-1.0.1.tgz#89b7e16884056331a35d6b5ad064332c91daa6c3"
  integrity sha512-dU+Tx2fsypxTgtLoE36npi3UqcjSSMNYfkqgmoEhtZrraP5VWq0K7FkWVTYa8eMPtnU/G2txVsfdCJTn9uzpuQ==

caniuse-lite@^1.0.30001580, caniuse-lite@^1.0.30001583:
  version "1.0.30001587"
  resolved "https://registry.yarnpkg.com/caniuse-lite/-/caniuse-lite-1.0.30001587.tgz#a0bce920155fa56a1885a69c74e1163fc34b4881"
  integrity sha512-HMFNotUmLXn71BQxg8cijvqxnIAofforZOwGsxyXJ0qugTdspUF4sPSJ2vhgprHCB996tIDzEq1ubumPDV8ULA==

core-js@~3.32.2:
  version "3.32.2"
  resolved "https://registry.yarnpkg.com/core-js/-/core-js-3.32.2.tgz#172fb5949ef468f93b4be7841af6ab1f21992db7"
  integrity sha512-pxXSw1mYZPDGvTQqEc5vgIb83jGQKFGYWY76z4a7weZXUolw3G+OvpZqSRcfYOoOVUQJYEPsWeQK8pKEnUtWxQ==

css-color-keywords@^1.0.0:
  version "1.0.0"
  resolved "https://registry.yarnpkg.com/css-color-keywords/-/css-color-keywords-1.0.0.tgz#fea2616dc676b2962686b3af8dbdbe180b244e05"
  integrity sha512-FyyrDHZKEjXDpNJYvVsV960FiqQyXc/LlYmsxl2BcdMb2WPx0OGRVgTg55rPSyLSNMqP52R9r8geSp7apN3Ofg==

css-to-react-native@3.2.0:
  version "3.2.0"
  resolved "https://registry.yarnpkg.com/css-to-react-native/-/css-to-react-native-3.2.0.tgz#cdd8099f71024e149e4f6fe17a7d46ecd55f1e32"
  integrity sha512-e8RKaLXMOFii+02mOlqwjbD00KSEKqblnpO9e++1aXS1fPQOpS1YoqdVHBqPjHNoxeF2mimzVqawm2KCbEdtHQ==
  dependencies:
    camelize "^1.0.0"
    css-color-keywords "^1.0.0"
    postcss-value-parser "^4.0.2"

csstype@3.1.2:
  version "3.1.2"
  resolved "https://registry.yarnpkg.com/csstype/-/csstype-3.1.2.tgz#1d4bf9d572f11c14031f0436e1c10bc1f571f50b"
  integrity sha512-I7K1Uu0MBPzaFKg4nI5Q7Vs2t+3gWWW648spaF+Rg7pI9ds18Ugn+lvg4SHczUdKlHI5LWBXyqfS8+DufyBsgQ==

csstype@^3.1.1:
  version "3.1.3"
  resolved "https://registry.yarnpkg.com/csstype/-/csstype-3.1.3.tgz#d80ff294d114fb0e6ac500fbf85b60137d7eff81"
  integrity sha512-M1uQkMl8rQK/szD0LNhtqxIPLpimGm8sOBwU7lLnCpSbTyY3yeU1Vc7l4KT5zT4s/yOxHH5O7tIuuLOCnLADRw==

electron-to-chromium@^1.4.648:
  version "1.4.666"
  resolved "https://registry.yarnpkg.com/electron-to-chromium/-/electron-to-chromium-1.4.666.tgz#ecc65df60e5d3489962ff46b8a6b1dd3b8f863aa"
  integrity sha512-q4lkcbQrUdlzWCUOxk6fwEza6bNCfV12oi4AJph5UibguD1aTfL4uD0nuzFv9hbPANXQMuUS0MxPSHQ1gqq5dg==

enhanced-resolve@5.12.0:
  version "5.12.0"
  resolved "https://registry.yarnpkg.com/enhanced-resolve/-/enhanced-resolve-5.12.0.tgz#300e1c90228f5b570c4d35babf263f6da7155634"
  integrity sha512-QHTXI/sZQmko1cbDoNAa3mJ5qhWUUNAq3vR0/YiD379fWQrcfuoX1+HW2S0MTt7XmoPLapdaDKUtelUSPic7hQ==
  dependencies:
    graceful-fs "^4.2.4"
    tapable "^2.2.0"

escalade@^3.1.1:
  version "3.1.2"
  resolved "https://registry.yarnpkg.com/escalade/-/escalade-3.1.2.tgz#54076e9ab29ea5bf3d8f1ed62acffbb88272df27"
  integrity sha512-ErCHMCae19vR8vQGe50xIsVomy19rg6gFu3+r3jkEO46suLMWBksvVyoGgQV+jOfl84ZSOSlmv6Gxa89PmTGmA==

events@^3.3.0:
  version "3.3.0"
  resolved "https://registry.yarnpkg.com/events/-/events-3.3.0.tgz#31a95ad0a924e2d2c419a813aeb2c4e878ea7400"
  integrity sha512-mQw+2fkQbALzQ7V0MY0IqdnXNOeTtP4r0lN9z7AAawCXgqea7bDii20AYrIBrFd/Hx0M2Ocz6S111CaFkUcb0Q==

glob-to-regexp@^0.4.1:
  version "0.4.1"
  resolved "https://registry.yarnpkg.com/glob-to-regexp/-/glob-to-regexp-0.4.1.tgz#c75297087c851b9a578bd217dd59a92f59fe546e"
  integrity sha512-lkX1HJXwyMcprw/5YUZc2s7DrpAiHB21/V+E1rHUrVNokkvB6bqMzT0VfV6/86ZNabt1k14YOIaT7nDvOX3Iiw==

graceful-fs@4.2.10:
  version "4.2.10"
  resolved "https://registry.yarnpkg.com/graceful-fs/-/graceful-fs-4.2.10.tgz#147d3a006da4ca3ce14728c7aefc287c367d7a6c"
  integrity sha512-9ByhssR2fPVsNZj478qUUbKfmL0+t5BDVyjShtyZZLiK7ZDAArFFfopyOTj0M05wE2tJPisA4iTnnXl2YoPvOA==

graceful-fs@^4.1.2, graceful-fs@^4.2.4:
  version "4.2.11"
  resolved "https://registry.yarnpkg.com/graceful-fs/-/graceful-fs-4.2.11.tgz#4183e4e8bf08bb6e05bbb2f7d2e0c8f712ca40e3"
  integrity sha512-RbJ5/jmFcNNCcDV5o9eTnBLJ/HszWV0P73bc+Ff4nS/rJj+YaS6IGyiOL0VoBYX+l1Wrl3k63h/KrH+nhJ0XvQ==

has-flag@^4.0.0:
  version "4.0.0"
  resolved "https://registry.yarnpkg.com/has-flag/-/has-flag-4.0.0.tgz#944771fd9c81c81265c4d6941860da06bb59479b"
  integrity sha512-EykJT/Q1KjTWctppgIAgfSO0tKVuZUjhgMr17kqTumMl6Afv3EISleU7qZUzoXDFTAHTDC4NOoG/ZxU3EvlMPQ==

"html-webpack-plugin@npm:html-rspack-plugin@5.5.7":
  version "5.5.7"
  resolved "https://registry.yarnpkg.com/html-rspack-plugin/-/html-rspack-plugin-5.5.7.tgz#993866336257b18bc41f15e87380168983983c3e"
  integrity sha512-7dNAURj9XBHWoYg59F8VU6hT7J7w+od4Lr5hc/rrgN6sy6QfqVpoPqW9Qw4IGFOgit8Pul7iQp1yysBSIhOlsg==
  dependencies:
    lodash "^4.17.21"
    tapable "^2.0.0"

"js-tokens@^3.0.0 || ^4.0.0":
  version "4.0.0"
  resolved "https://registry.yarnpkg.com/js-tokens/-/js-tokens-4.0.0.tgz#19203fb59991df98e3a287050d4647cdeaf32499"
  integrity sha512-RdJUflcE3cUzKiMqQgsCu06FPu9UdIJO0beYbPhHN4k6apgJtifcoCtT9bcxOpYBtpD2kCM6Sbzg4CausW/PKQ==

json-parse-even-better-errors@^3.0.0:
  version "3.0.1"
  resolved "https://registry.yarnpkg.com/json-parse-even-better-errors/-/json-parse-even-better-errors-3.0.1.tgz#02bb29fb5da90b5444581749c22cedd3597c6cb0"
  integrity sha512-aatBvbL26wVUCLmbWdCpeu9iF5wOyWpagiKkInA+kfws3sWdBrTnsvN2CKcyCYyUrc7rebNBlK6+kteg7ksecg==

lodash@^4.17.21:
  version "4.17.21"
  resolved "https://registry.yarnpkg.com/lodash/-/lodash-4.17.21.tgz#679591c564c3bffaae8454cf0b3df370c3d6911c"
  integrity sha512-v2kDEe57lecTulaDIuNTPy3Ry4gLGJ6Z1O3vE1krgXZNrsQ+LFTGHVxVjcXPs17LhbZVGedAJv8XZ1tvj5FvSg==

loose-envify@^1.1.0:
  version "1.4.0"
  resolved "https://registry.yarnpkg.com/loose-envify/-/loose-envify-1.4.0.tgz#71ee51fa7be4caec1a63839f7e682d8132d30caf"
  integrity sha512-lyuxPGr/Wfhrlem2CL/UcnUc1zcqKAImBDzukY7Y5F/yQiNdko6+fRLevlw1HgMySw7f611UIY408EtxRSoK3Q==
  dependencies:
    js-tokens "^3.0.0 || ^4.0.0"

nanoid@^3.3.6, nanoid@^3.3.7:
  version "3.3.7"
  resolved "https://registry.yarnpkg.com/nanoid/-/nanoid-3.3.7.tgz#d0c301a691bc8d54efa0a2226ccf3fe2fd656bd8"
  integrity sha512-eSRppjcPIatRIMC1U6UngP8XFcz8MQWGQdt1MTBQ7NaAmvXDfvNxbvWV3x2y6CdEUciCSsDHDQZbhYaB8QEo2g==

neo-async@2.6.2:
  version "2.6.2"
  resolved "https://registry.yarnpkg.com/neo-async/-/neo-async-2.6.2.tgz#b4aafb93e3aeb2d8174ca53cf163ab7d7308305f"
  integrity sha512-Yd3UES5mWCSqR+qNT93S3UoYUkqAZ9lLg8a7g9rimsWmYGK8cVToA4/sF3RrshdyV3sAGMXVUmpMYOw+dLpOuw==

node-releases@^2.0.14:
  version "2.0.14"
  resolved "https://registry.yarnpkg.com/node-releases/-/node-releases-2.0.14.tgz#2ffb053bceb8b2be8495ece1ab6ce600c4461b0b"
  integrity sha512-y10wOWt8yZpqXmOgRo77WaHEmhYQYGNA6y421PKsKYWEK8aW+cqAphborZDhqfyKrbZEN92CN1X2KbafY2s7Yw==

picocolors@^1.0.0:
  version "1.0.0"
  resolved "https://registry.yarnpkg.com/picocolors/-/picocolors-1.0.0.tgz#cb5bdc74ff3f51892236eaf79d68bc44564ab81c"
  integrity sha512-1fygroTLlHu66zi26VoTDv8yRgm0Fccecssto+MhsZ0D/DGW2sm8E8AjW7NU5VVTRt5GxbeZ5qBuJr+HyLYkjQ==

postcss-value-parser@^4.0.2:
  version "4.2.0"
  resolved "https://registry.yarnpkg.com/postcss-value-parser/-/postcss-value-parser-4.2.0.tgz#723c09920836ba6d3e5af019f92bc0971c02e514"
  integrity sha512-1NNCs6uurfkVbeXG4S8JFT9t19m45ICnif8zWLd5oPSZ50QnwMfK+H3jv408d4jw/7Bttv5axS5IiHoLaVNHeQ==

postcss@8.4.31:
  version "8.4.31"
  resolved "https://registry.yarnpkg.com/postcss/-/postcss-8.4.31.tgz#92b451050a9f914da6755af352bdc0192508656d"
  integrity sha512-PS08Iboia9mts/2ygV3eLpY5ghnUcfLV/EXTOW1E2qYxJKGGBUtNjN76FYHnMs36RmARn41bC0AZmn+rR0OVpQ==
  dependencies:
    nanoid "^3.3.6"
    picocolors "^1.0.0"
    source-map-js "^1.0.2"

postcss@^8.4.33:
  version "8.4.35"
  resolved "https://registry.yarnpkg.com/postcss/-/postcss-8.4.35.tgz#60997775689ce09011edf083a549cea44aabe2f7"
  integrity sha512-u5U8qYpBCpN13BsiEB0CbR1Hhh4Gc0zLFuedrHJKMctHCHAGrMdG0PRM/KErzAL3CU6/eckEtmHNB3x6e3c0vA==
  dependencies:
    nanoid "^3.3.7"
    picocolors "^1.0.0"
    source-map-js "^1.0.2"

react-dom@^18.2.0:
  version "18.2.0"
  resolved "https://registry.yarnpkg.com/react-dom/-/react-dom-18.2.0.tgz#22aaf38708db2674ed9ada224ca4aa708d821e3d"
  integrity sha512-6IMTriUmvsjHUjNtEDudZfuDQUoWXVxKHhlEGSk81n4YFS+r/Kl99wXiwlVXtPBtJenozv2P+hxDsw9eA7Xo6g==
  dependencies:
    loose-envify "^1.1.0"
    scheduler "^0.23.0"

react-refresh@^0.14.0:
  version "0.14.0"
  resolved "https://registry.yarnpkg.com/react-refresh/-/react-refresh-0.14.0.tgz#4e02825378a5f227079554d4284889354e5f553e"
  integrity sha512-wViHqhAd8OHeLS/IRMJjTSDHF3U9eWi62F/MledQGPdJGDhodXJ9PBLNGr6WWL7qlH12Mt3TyTpbS+hGXMjCzQ==

react@^18.2.0:
  version "18.2.0"
  resolved "https://registry.yarnpkg.com/react/-/react-18.2.0.tgz#555bd98592883255fa00de14f1151a917b5d77d5"
  integrity sha512-/3IjMdb2L9QbBdWiW5e3P2/npwMBaU9mHCSCUzNln0ZCYbcfTsGbTJrU/kGemdH2IWmB2ioZ+zkxtmq6g09fGQ==
  dependencies:
    loose-envify "^1.1.0"

scheduler@^0.23.0:
  version "0.23.0"
  resolved "https://registry.yarnpkg.com/scheduler/-/scheduler-0.23.0.tgz#ba8041afc3d30eb206a487b6b384002e4e61fdfe"
  integrity sha512-CtuThmgHNg7zIZWAXi3AsyIzA3n4xx7aNyjwC2VJldO2LMVDhFK+63xGqq6CsJH4rTAt6/M+N4GhZiDYPx9eUw==
  dependencies:
    loose-envify "^1.1.0"

shallowequal@1.1.0:
  version "1.1.0"
  resolved "https://registry.yarnpkg.com/shallowequal/-/shallowequal-1.1.0.tgz#188d521de95b9087404fd4dcb68b13df0ae4e7f8"
  integrity sha512-y0m1JoUZSlPAjXVtPPW70aZWfIL/dSP7AFkRnniLCrK/8MDKog3TySTBmckD+RObVxH0v4Tox67+F14PdED2oQ==

source-map-js@^1.0.2:
  version "1.0.2"
  resolved "https://registry.yarnpkg.com/source-map-js/-/source-map-js-1.0.2.tgz#adbc361d9c62df380125e7f161f71c826f1e490c"
  integrity sha512-R0XvVJ9WusLiqTCEiGCmICCMplcCkIwwR11mOSD9CR5u+IXYdiseeEuXCVAjS54zqwkLcPNnmU4OeJ6tUrWhDw==

styled-components@^6.1.8:
  version "6.1.8"
  resolved "https://registry.yarnpkg.com/styled-components/-/styled-components-6.1.8.tgz#c109d36aeea52d8f049e12de2f3be39a6fc86201"
  integrity sha512-PQ6Dn+QxlWyEGCKDS71NGsXoVLKfE1c3vApkvDYS5KAK+V8fNWGhbSUEo9Gg2iaID2tjLXegEW3bZDUGpofRWw==
  dependencies:
    "@emotion/is-prop-valid" "1.2.1"
    "@emotion/unitless" "0.8.0"
    "@types/stylis" "4.2.0"
    css-to-react-native "3.2.0"
    csstype "3.1.2"
    postcss "8.4.31"
    shallowequal "1.1.0"
    stylis "4.3.1"
    tslib "2.5.0"

stylis@4.3.1:
  version "4.3.1"
  resolved "https://registry.yarnpkg.com/stylis/-/stylis-4.3.1.tgz#ed8a9ebf9f76fe1e12d462f5cc3c4c980b23a7eb"
  integrity sha512-EQepAV+wMsIaGVGX1RECzgrcqRRU/0sYOHkeLsZ3fzHaHXZy4DaOOX0vOlGQdlsjkh3mFHAIlVimpwAs4dslyQ==

supports-color@^7.0.0:
  version "7.2.0"
  resolved "https://registry.yarnpkg.com/supports-color/-/supports-color-7.2.0.tgz#1b7dcdcb32b8138801b3e478ba6a51caa89648da"
  integrity sha512-qpCAvRl9stuOHveKsn7HncJRvv501qIacKzQlO/+Lwxc9+0q2wLyv4Dfvt80/DPn2pqOBsJdDiogXGR9+OvwRw==
  dependencies:
    has-flag "^4.0.0"

supports-hyperlinks@^2.0.0:
  version "2.3.0"
  resolved "https://registry.yarnpkg.com/supports-hyperlinks/-/supports-hyperlinks-2.3.0.tgz#3943544347c1ff90b15effb03fc14ae45ec10624"
  integrity sha512-RpsAZlpWcDwOPQA22aCH4J0t7L8JmAvsCxfOSEwm7cQs3LshN36QaTkwd70DnBOXDWGssw2eUoc8CaRWT0XunA==
  dependencies:
    has-flag "^4.0.0"
    supports-color "^7.0.0"

tapable@2.2.1, tapable@^2.0.0, tapable@^2.2.0:
  version "2.2.1"
  resolved "https://registry.yarnpkg.com/tapable/-/tapable-2.2.1.tgz#1967a73ef4060a82f12ab96af86d52fdb76eeca0"
  integrity sha512-GNzQvQTOIP6RyTfE2Qxb8ZVlNmw0n88vp1szwWRimP02mnTsx3Wtn5qRdqY9w2XduFNUgvOwhNnQsjwCp+kqaQ==

terminal-link@^2.1.1:
  version "2.1.1"
  resolved "https://registry.yarnpkg.com/terminal-link/-/terminal-link-2.1.1.tgz#14a64a27ab3c0df933ea546fba55f2d078edc994"
  integrity sha512-un0FmiRUQNr5PJqy9kP7c40F5BOfpGlYTrxonDChEZB7pzZxRNp/bt+ymiy9/npwXya9KH99nJ/GXFIiUkYGFQ==
  dependencies:
    ansi-escapes "^4.2.1"
    supports-hyperlinks "^2.0.0"

tslib@2.5.0:
  version "2.5.0"
  resolved "https://registry.yarnpkg.com/tslib/-/tslib-2.5.0.tgz#42bfed86f5787aeb41d031866c8f402429e0fddf"
  integrity sha512-336iVw3rtn2BUK7ORdIAHTyxHGRIHVReokCR3XjbckJMK7ms8FysBfhLR8IXnAgy7T0PTPNBWKiH514FOW/WSg==

tslib@^2.4.0:
  version "2.6.2"
  resolved "https://registry.yarnpkg.com/tslib/-/tslib-2.6.2.tgz#703ac29425e7b37cd6fd456e92404d46d1f3e4ae"
  integrity sha512-AEYxH93jGFPn/a2iVAwW87VuUIkR1FVUKB77NwMF7nBTDkDrrT/Hpt/IrCJ0QXhW27jTBDcf5ZY7w6RiqTMw2Q==

type-fest@^0.21.3:
  version "0.21.3"
  resolved "https://registry.yarnpkg.com/type-fest/-/type-fest-0.21.3.tgz#d260a24b0198436e133fa26a524a6d65fa3b2e37"
  integrity sha512-t0rzBq87m3fVcduHDUFhKmyyX+9eo6WQjZvf51Ea/M0Q7+T374Jp1aUiyUl0GKxp8M/OETVHSDvmkyPgvX+X2w==

update-browserslist-db@^1.0.13:
  version "1.0.13"
  resolved "https://registry.yarnpkg.com/update-browserslist-db/-/update-browserslist-db-1.0.13.tgz#3c5e4f5c083661bd38ef64b6328c26ed6c8248c4"
  integrity sha512-xebP81SNcPuNpPP3uzeW1NYXxI3rxyJzF3pD6sH4jE7o/IX+WtSpwnVU+qIsDPyk0d3hmFQ7mjqc6AtV604hbg==
  dependencies:
    escalade "^3.1.1"
    picocolors "^1.0.0"

watchpack@^2.4.0:
  version "2.4.0"
  resolved "https://registry.yarnpkg.com/watchpack/-/watchpack-2.4.0.tgz#fa33032374962c78113f93c7f2fb4c54c9862a5d"
  integrity sha512-Lcvm7MGST/4fup+ifyKi2hjyIAwcdI4HRgtvTpIUxBRhB+RFtUh8XtDOxUfctVCnhVi+QQj49i91OyvzkJl6cg==
  dependencies:
    glob-to-regexp "^0.4.1"
    graceful-fs "^4.1.2"

webpack-sources@3.2.3:
  version "3.2.3"
  resolved "https://registry.yarnpkg.com/webpack-sources/-/webpack-sources-3.2.3.tgz#2d4daab8451fd4b240cc27055ff6a0c2ccea0cde"
  integrity sha512-/DyMEOrDgLKKIG0fmvtz+4dUX/3Ghozwgm6iPp8KRhvn+eQf9+Q7GWxVNMk3+uCPWfdXYC4ExGBckIXdFEfH1w==

zod-validation-error@1.3.1:
  version "1.3.1"
  resolved "https://registry.yarnpkg.com/zod-validation-error/-/zod-validation-error-1.3.1.tgz#7134579d2ba3994495133b879a076786c8c270f5"
  integrity sha512-cNEXpla+tREtNdAnNKY4xKY1SGOn2yzyuZMu4O0RQylX9apRpUjNcPkEc3uHIAr5Ct7LenjZt6RzjEH6+JsqVQ==

zod@^3.21.4:
  version "3.22.4"
  resolved "https://registry.yarnpkg.com/zod/-/zod-3.22.4.tgz#f31c3a9386f61b1f228af56faa9255e845cf3fff"
  integrity sha512-iC+8Io04lddc+mVqQ9AZ7OQ2MrUKGN+oIQyq1vemgt46jwCwLfhq7/pwnBnNXXXZb8VTVLKwp9EDkx+ryxIWmg==
